// !$*UTF8*$!
{
	archiveVersion = 1;
	classes = {
	};
	objectVersion = 46;
	objects = {

/* Begin PBXBuildFile section */
		621D6F8B223132A1009AFD14 /* AppDelegate.swift in Sources */ = {isa = PBXBuildFile; fileRef = 621D6F8A223132A1009AFD14 /* AppDelegate.swift */; };
		621D6F8D223132A1009AFD14 /* ViewController.swift in Sources */ = {isa = PBXBuildFile; fileRef = 621D6F8C223132A1009AFD14 /* ViewController.swift */; };
		621D6F90223132A1009AFD14 /* Main.storyboard in Resources */ = {isa = PBXBuildFile; fileRef = 621D6F8E223132A1009AFD14 /* Main.storyboard */; };
		621D6F92223132A1009AFD14 /* Assets.xcassets in Resources */ = {isa = PBXBuildFile; fileRef = 621D6F91223132A1009AFD14 /* Assets.xcassets */; };
		621D6F95223132A1009AFD14 /* LaunchScreen.storyboard in Resources */ = {isa = PBXBuildFile; fileRef = 621D6F93223132A1009AFD14 /* LaunchScreen.storyboard */; };
/* End PBXBuildFile section */

/* Begin PBXFileReference section */
		621D6F87223132A1009AFD14 /* test01 view.app */ = {isa = PBXFileReference; explicitFileType = wrapper.application; includeInIndex = 0; path = "test01 view.app"; sourceTree = BUILT_PRODUCTS_DIR; };
		621D6F8A223132A1009AFD14 /* AppDelegate.swift */ = {isa = PBXFileReference; lastKnownFileType = sourcecode.swift; path = AppDelegate.swift; sourceTree = "<group>"; };
		621D6F8C223132A1009AFD14 /* ViewController.swift */ = {isa = PBXFileReference; lastKnownFileType = sourcecode.swift; path = ViewController.swift; sourceTree = "<group>"; };
		621D6F8F223132A1009AFD14 /* Base */ = {isa = PBXFileReference; lastKnownFileType = file.storyboard; name = Base; path = Base.lproj/Main.storyboard; sourceTree = "<group>"; };
		621D6F91223132A1009AFD14 /* Assets.xcassets */ = {isa = PBXFileReference; lastKnownFileType = folder.assetcatalog; path = Assets.xcassets; sourceTree = "<group>"; };
		621D6F94223132A1009AFD14 /* Base */ = {isa = PBXFileReference; lastKnownFileType = file.storyboard; name = Base; path = Base.lproj/LaunchScreen.storyboard; sourceTree = "<group>"; };
		621D6F96223132A1009AFD14 /* Info.plist */ = {isa = PBXFileReference; lastKnownFileType = text.plist.xml; path = Info.plist; sourceTree = "<group>"; };
/* End PBXFileReference section */

/* Begin PBXFrameworksBuildPhase section */
		621D6F84223132A1009AFD14 /* Frameworks */ = {
			isa = PBXFrameworksBuildPhase;
			buildActionMask = 2147483647;
			files = (
			);
			runOnlyForDeploymentPostprocessing = 0;
		};
/* End PBXFrameworksBuildPhase section */

/* Begin PBXGroup section */
		621D6F7E223132A1009AFD14 = {
			isa = PBXGroup;
			children = (
				621D6F89223132A1009AFD14 /* test01 view */,
				621D6F88223132A1009AFD14 /* Products */,
			);
			sourceTree = "<group>";
		};
		621D6F88223132A1009AFD14 /* Products */ = {
			isa = PBXGroup;
			children = (
				621D6F87223132A1009AFD14 /* test01 view.app */,
			);
			name = Products;
			sourceTree = "<group>";
		};
		621D6F89223132A1009AFD14 /* test01 view */ = {
			isa = PBXGroup;
			children = (
				621D6F8A223132A1009AFD14 /* AppDelegate.swift */,
				621D6F8C223132A1009AFD14 /* ViewController.swift */,
				621D6F8E223132A1009AFD14 /* Main.storyboard */,
				621D6F91223132A1009AFD14 /* Assets.xcassets */,
				621D6F93223132A1009AFD14 /* LaunchScreen.storyboard */,
				621D6F96223132A1009AFD14 /* Info.plist */,
			);
			path = "test01 view";
			sourceTree = "<group>";
		};
/* End PBXGroup section */

/* Begin PBXNativeTarget section */
		621D6F86223132A1009AFD14 /* test01 view */ = {
			isa = PBXNativeTarget;
			buildConfigurationList = 621D6F99223132A1009AFD14 /* Build configuration list for PBXNativeTarget "test01 view" */;
			buildPhases = (
				621D6F83223132A1009AFD14 /* Sources */,
				621D6F84223132A1009AFD14 /* Frameworks */,
				621D6F85223132A1009AFD14 /* Resources */,
			);
			buildRules = (
			);
			dependencies = (
			);
			name = "test01 view";
			productName = "test01 view";
			productReference = 621D6F87223132A1009AFD14 /* test01 view.app */;
			productType = "com.apple.product-type.application";
		};
/* End PBXNativeTarget section */

/* Begin PBXProject section */
		621D6F7F223132A1009AFD14 /* Project object */ = {
			isa = PBXProject;
			attributes = {
				LastSwiftUpdateCheck = 0830;
				LastUpgradeCheck = 0830;
				ORGANIZATIONNAME = "Alvar Arias";
				TargetAttributes = {
					621D6F86223132A1009AFD14 = {
						CreatedOnToolsVersion = 8.3.3;
						DevelopmentTeam = DDWAVNG7Q4;
						ProvisioningStyle = Automatic;
					};
				};
			};
			buildConfigurationList = 621D6F82223132A1009AFD14 /* Build configuration list for PBXProject "test01 view" */;
			compatibilityVersion = "Xcode 3.2";
			developmentRegion = English;
			hasScannedForEncodings = 0;
			knownRegions = (
				en,
				Base,
			);
			mainGroup = 621D6F7E223132A1009AFD14;
			productRefGroup = 621D6F88223132A1009AFD14 /* Products */;
			projectDirPath = "";
			projectRoot = "";
			targets = (
				621D6F86223132A1009AFD14 /* test01 view */,
			);
		};
/* End PBXProject section */

/* Begin PBXResourcesBuildPhase section */
		621D6F85223132A1009AFD14 /* Resources */ = {
			isa = PBXResourcesBuildPhase;
			buildActionMask = 2147483647;
			files = (
				621D6F95223132A1009AFD14 /* LaunchScreen.storyboard in Resources */,
				621D6F92223132A1009AFD14 /* Assets.xcassets in Resources */,
				621D6F90223132A1009AFD14 /* Main.storyboard in Resources */,
			);
			runOnlyForDeploymentPostprocessing = 0;
		};
/* End PBXResourcesBuildPhase section */

/* Begin PBXSourcesBuildPhase section */
		621D6F83223132A1009AFD14 /* Sources */ = {
			isa = PBXSourcesBuildPhase;
			buildActionMask = 2147483647;
			files = (
				621D6F8D223132A1009AFD14 /* ViewController.swift in Sources */,
				621D6F8B223132A1009AFD14 /* AppDelegate.swift in Sources */,
			);
			runOnlyForDeploymentPostprocessing = 0;
		};
/* End PBXSourcesBuildPhase section */

/* Begin PBXVariantGroup section */
		621D6F8E223132A1009AFD14 /* Main.storyboard */ = {
			isa = PBXVariantGroup;
			children = (
				621D6F8F223132A1009AFD14 /* Base */,
			);
			name = Main.storyboard;
			sourceTree = "<group>";
		};
		621D6F93223132A1009AFD14 /* LaunchScreen.storyboard */ = {
			isa = PBXVariantGroup;
			children = (
				621D6F94223132A1009AFD14 /* Base */,
			);
			name = LaunchScreen.storyboard;
			sourceTree = "<group>";
		};
/* End PBXVariantGroup section */

/* Begin XCBuildConfiguration section */
		621D6F97223132A1009AFD14 /* Debug */ = {
			isa = XCBuildConfiguration;
			buildSettings = {
				ALWAYS_SEARCH_USER_PATHS = NO;
				CLANG_ANALYZER_NONNULL = YES;
				CLANG_ANALYZER_NUMBER_OBJECT_CONVERSION = YES_AGGRESSIVE;
				CLANG_CXX_LANGUAGE_STANDARD = "gnu++0x";
				CLANG_CXX_LIBRARY = "libc++";
				CLANG_ENABLE_MODULES = YES;
				CLANG_ENABLE_OBJC_ARC = YES;
				CLANG_WARN_BOOL_CONVERSION = YES;
				CLANG_WARN_CONSTANT_CONVERSION = YES;
				CLANG_WARN_DIRECT_OBJC_ISA_USAGE = YES_ERROR;
				CLANG_WARN_DOCUMENTATION_COMMENTS = YES;
				CLANG_WARN_EMPTY_BODY = YES;
				CLANG_WARN_ENUM_CONVERSION = YES;
				CLANG_WARN_INFINITE_RECURSION = YES;
				CLANG_WARN_INT_CONVERSION = YES;
				CLANG_WARN_OBJC_ROOT_CLASS = YES_ERROR;
				CLANG_WARN_SUSPICIOUS_MOVE = YES;
				CLANG_WARN_UNREACHABLE_CODE = YES;
				CLANG_WARN__DUPLICATE_METHOD_MATCH = YES;
				"CODE_SIGN_IDENTITY[sdk=iphoneos*]" = "iPhone Developer";
				COPY_PHASE_STRIP = NO;
				DEBUG_INFORMATION_FORMAT = dwarf;
				ENABLE_STRICT_OBJC_MSGSEND = YES;
				ENABLE_TESTABILITY = YES;
				GCC_C_LANGUAGE_STANDARD = gnu99;
				GCC_DYNAMIC_NO_PIC = NO;
				GCC_NO_COMMON_BLOCKS = YES;
				GCC_OPTIMIZATION_LEVEL = 0;
				GCC_PREPROCESSOR_DEFINITIONS = (
					"DEBUG=1",
					"$(inherited)",
				);
				GCC_WARN_64_TO_32_BIT_CONVERSION = YES;
				GCC_WARN_ABOUT_RETURN_TYPE = YES_ERROR;
				GCC_WARN_UNDECLARED_SELECTOR = YES;
				GCC_WARN_UNINITIALIZED_AUTOS = YES_AGGRESSIVE;
				GCC_WARN_UNUSED_FUNCTION = YES;
				GCC_WARN_UNUSED_VARIABLE = YES;
				IPHONEOS_DEPLOYMENT_TARGET = 10.3;
				MTL_ENABLE_DEBUG_INFO = YES;
				ONLY_ACTIVE_ARCH = YES;
				SDKROOT = iphoneos;
				SWIFT_ACTIVE_COMPILATION_CONDITIONS = DEBUG;
				SWIFT_OPTIMIZATION_LEVEL = "-Onone";
				TARGETED_DEVICE_FAMILY = "1,2";
			};
			name = Debug;
		};
		621D6F98223132A1009AFD14 /* Release */ = {
			isa = XCBuildConfiguration;
			buildSettings = {
				ALWAYS_SEARCH_USER_PATHS = NO;
				CLANG_ANALYZER_NONNULL = YES;
				CLANG_ANALYZER_NUMBER_OBJECT_CONVERSION = YES_AGGRESSIVE;
				CLANG_CXX_LANGUAGE_STANDARD = "gnu++0x";
				CLANG_CXX_LIBRARY = "libc++";
				CLANG_ENABLE_MODULES = YES;
				CLANG_ENABLE_OBJC_ARC = YES;
				CLANG_WARN_BOOL_CONVERSION = YES;
				CLANG_WARN_CONSTANT_CONVERSION = YES;
				CLANG_WARN_DIRECT_OBJC_ISA_USAGE = YES_ERROR;
				CLANG_WARN_DOCUMENTATION_COMMENTS = YES;
				CLANG_WARN_EMPTY_BODY = YES;
				CLANG_WARN_ENUM_CONVERSION = YES;
				CLANG_WARN_INFINITE_RECURSION = YES;
				CLANG_WARN_INT_CONVERSION = YES;
				CLANG_WARN_OBJC_ROOT_CLASS = YES_ERROR;
				CLANG_WARN_SUSPICIOUS_MOVE = YES;
				CLANG_WARN_UNREACHABLE_CODE = YES;
				CLANG_WARN__DUPLICATE_METHOD_MATCH = YES;
				"CODE_SIGN_IDENTITY[sdk=iphoneos*]" = "iPhone Developer";
				COPY_PHASE_STRIP = NO;
				DEBUG_INFORMATION_FORMAT = "dwarf-with-dsym";
				ENABLE_NS_ASSERTIONS = NO;
				ENABLE_STRICT_OBJC_MSGSEND = YES;
				GCC_C_LANGUAGE_STANDARD = gnu99;
				GCC_NO_COMMON_BLOCKS = YES;
				GCC_WARN_64_TO_32_BIT_CONVERSION = YES;
				GCC_WARN_ABOUT_RETURN_TYPE = YES_ERROR;
				GCC_WARN_UNDECLARED_SELECTOR = YES;
				GCC_WARN_UNINITIALIZED_AUTOS = YES_AGGRESSIVE;
				GCC_WARN_UNUSED_FUNCTION = YES;
				GCC_WARN_UNUSED_VARIABLE = YES;
				IPHONEOS_DEPLOYMENT_TARGET = 10.3;
				MTL_ENABLE_DEBUG_INFO = NO;
				SDKROOT = iphoneos;
				SWIFT_OPTIMIZATION_LEVEL = "-Owholemodule";
				TARGETED_DEVICE_FAMILY = "1,2";
				VALIDATE_PRODUCT = YES;
			};
			name = Release;
		};
		621D6F9A223132A1009AFD14 /* Debug */ = {
			isa = XCBuildConfiguration;
			buildSettings = {
				ASSETCATALOG_COMPILER_APPICON_NAME = AppIcon;
				DEVELOPMENT_TEAM = DDWAVNG7Q4;
				INFOPLIST_FILE = "test01 view/Info.plist";
				LD_RUNPATH_SEARCH_PATHS = "$(inherited) @executable_path/Frameworks";
				PRODUCT_BUNDLE_IDENTIFIER = "com.audiomapp.test01-view";
				PRODUCT_NAME = "$(TARGET_NAME)";
				SWIFT_VERSION = 3.0;
			};
			name = Debug;
		};
		621D6F9B223132A1009AFD14 /* Release */ = {
			isa = XCBuildConfiguration;
			buildSettings = {
				ASSETCATALOG_COMPILER_APPICON_NAME = AppIcon;
				DEVELOPMENT_TEAM = DDWAVNG7Q4;
				INFOPLIST_FILE = "test01 view/Info.plist";
				LD_RUNPATH_SEARCH_PATHS = "$(inherited) @executable_path/Frameworks";
				PRODUCT_BUNDLE_IDENTIFIER = "com.audiomapp.test01-view";
				PRODUCT_NAME = "$(TARGET_NAME)";
				SWIFT_VERSION = 3.0;
			};
			name = Release;
		};
/* End XCBuildConfiguration section */

/* Begin XCConfigurationList section */
		621D6F82223132A1009AFD14 /* Build configuration list for PBXProject "test01 view" */ = {
			isa = XCConfigurationList;
			buildConfigurations = (
				621D6F97223132A1009AFD14 /* Debug */,
				621D6F98223132A1009AFD14 /* Release */,
			);
			defaultConfigurationIsVisible = 0;
			defaultConfigurationName = Release;
		};
		621D6F99223132A1009AFD14 /* Build configuration list for PBXNativeTarget "test01 view" */ = {
			isa = XCConfigurationList;
			buildConfigurations = (
				621D6F9A223132A1009AFD14 /* Debug */,
				621D6F9B223132A1009AFD14 /* Release */,
			);
			defaultConfigurationIsVisible = 0;
		};
/* End XCConfigurationList section */
	};
	rootObject = 621D6F7F223132A1009AFD14 /* Project object */;
}
