// !$*UTF8*$!
{
	archiveVersion = 1;
	classes = {
	};
	objectVersion = 46;
	objects = {

/* Begin PBXBuildFile section */
		6209D7A221EDFA02000D6546 /* AppDelegate.swift in Sources */ = {isa = PBXBuildFile; fileRef = 6209D7A121EDFA02000D6546 /* AppDelegate.swift */; };
		6209D7A421EDFA02000D6546 /* ViewController.swift in Sources */ = {isa = PBXBuildFile; fileRef = 6209D7A321EDFA02000D6546 /* ViewController.swift */; };
		6209D7A721EDFA02000D6546 /* Main.storyboard in Resources */ = {isa = PBXBuildFile; fileRef = 6209D7A521EDFA02000D6546 /* Main.storyboard */; };
		6209D7A921EDFA02000D6546 /* Assets.xcassets in Resources */ = {isa = PBXBuildFile; fileRef = 6209D7A821EDFA02000D6546 /* Assets.xcassets */; };
		6209D7AC21EDFA02000D6546 /* LaunchScreen.storyboard in Resources */ = {isa = PBXBuildFile; fileRef = 6209D7AA21EDFA02000D6546 /* LaunchScreen.storyboard */; };
		6209D7B421EE00F1000D6546 /* DataController.swift in Sources */ = {isa = PBXBuildFile; fileRef = 6209D7B321EE00F1000D6546 /* DataController.swift */; };
		620AB15A2227F1BF002E7322 /* DesignableImageView.swift in Sources */ = {isa = PBXBuildFile; fileRef = 620AB13C2227F1BF002E7322 /* DesignableImageView.swift */; };
		620AB15B2227F1BF002E7322 /* KeyboardLayoutConstraint.swift in Sources */ = {isa = PBXBuildFile; fileRef = 620AB13D2227F1BF002E7322 /* KeyboardLayoutConstraint.swift */; };
		620AB15C2227F1BF002E7322 /* TransitionManager.swift in Sources */ = {isa = PBXBuildFile; fileRef = 620AB13E2227F1BF002E7322 /* TransitionManager.swift */; };
		620AB15D2227F1BF002E7322 /* TransitionZoom.swift in Sources */ = {isa = PBXBuildFile; fileRef = 620AB13F2227F1BF002E7322 /* TransitionZoom.swift */; };
		620AB15E2227F1BF002E7322 /* ImageLoader.swift in Sources */ = {isa = PBXBuildFile; fileRef = 620AB1402227F1BF002E7322 /* ImageLoader.swift */; };
		620AB15F2227F1BF002E7322 /* Spring.swift in Sources */ = {isa = PBXBuildFile; fileRef = 620AB1412227F1BF002E7322 /* Spring.swift */; };
		620AB1602227F1BF002E7322 /* SpringImageView.swift in Sources */ = {isa = PBXBuildFile; fileRef = 620AB1422227F1BF002E7322 /* SpringImageView.swift */; };
		620AB1612227F1BF002E7322 /* DesignableLabel.swift in Sources */ = {isa = PBXBuildFile; fileRef = 620AB1432227F1BF002E7322 /* DesignableLabel.swift */; };
		620AB1622227F1BF002E7322 /* SoundPlayer.swift in Sources */ = {isa = PBXBuildFile; fileRef = 620AB1442227F1BF002E7322 /* SoundPlayer.swift */; };
		620AB1632227F1BF002E7322 /* BlurView.swift in Sources */ = {isa = PBXBuildFile; fileRef = 620AB1452227F1BF002E7322 /* BlurView.swift */; };
		620AB1642227F1BF002E7322 /* DesignableTextField.swift in Sources */ = {isa = PBXBuildFile; fileRef = 620AB1462227F1BF002E7322 /* DesignableTextField.swift */; };
		620AB1652227F1BF002E7322 /* SpringButton.swift in Sources */ = {isa = PBXBuildFile; fileRef = 620AB1472227F1BF002E7322 /* SpringButton.swift */; };
		620AB1662227F1BF002E7322 /* SpringTextView.swift in Sources */ = {isa = PBXBuildFile; fileRef = 620AB1482227F1BF002E7322 /* SpringTextView.swift */; };
		620AB1672227F1BF002E7322 /* Misc.swift in Sources */ = {isa = PBXBuildFile; fileRef = 620AB1492227F1BF002E7322 /* Misc.swift */; };
		620AB1682227F1BF002E7322 /* SpringView.swift in Sources */ = {isa = PBXBuildFile; fileRef = 620AB14A2227F1BF002E7322 /* SpringView.swift */; };
		620AB1692227F1BF002E7322 /* DesignableButton.swift in Sources */ = {isa = PBXBuildFile; fileRef = 620AB14B2227F1BF002E7322 /* DesignableButton.swift */; };
		620AB16A2227F1BF002E7322 /* SpringTextField.swift in Sources */ = {isa = PBXBuildFile; fileRef = 620AB14C2227F1BF002E7322 /* SpringTextField.swift */; };
		620AB16B2227F1BF002E7322 /* DesignableView.swift in Sources */ = {isa = PBXBuildFile; fileRef = 620AB14D2227F1BF002E7322 /* DesignableView.swift */; };
		620AB16C2227F1BF002E7322 /* DesignableTabBarController.swift in Sources */ = {isa = PBXBuildFile; fileRef = 620AB14E2227F1BF002E7322 /* DesignableTabBarController.swift */; };
		620AB16D2227F1BF002E7322 /* AsyncButton.swift in Sources */ = {isa = PBXBuildFile; fileRef = 620AB14F2227F1BF002E7322 /* AsyncButton.swift */; };
		620AB16E2227F1BF002E7322 /* LoadingView.xib in Resources */ = {isa = PBXBuildFile; fileRef = 620AB1502227F1BF002E7322 /* LoadingView.xib */; };
		620AB16F2227F1BF002E7322 /* SpringLabel.swift in Sources */ = {isa = PBXBuildFile; fileRef = 620AB1512227F1BF002E7322 /* SpringLabel.swift */; };
		620AB1702227F1BF002E7322 /* DesignableTextView.swift in Sources */ = {isa = PBXBuildFile; fileRef = 620AB1532227F1BF002E7322 /* DesignableTextView.swift */; };
		620AB1712227F1BF002E7322 /* AutoTextView.swift in Sources */ = {isa = PBXBuildFile; fileRef = 620AB1542227F1BF002E7322 /* AutoTextView.swift */; };
		620AB1722227F1BF002E7322 /* SpringAnimation.swift in Sources */ = {isa = PBXBuildFile; fileRef = 620AB1552227F1BF002E7322 /* SpringAnimation.swift */; };
		620AB1732227F1BF002E7322 /* UnwindSegue.swift in Sources */ = {isa = PBXBuildFile; fileRef = 620AB1562227F1BF002E7322 /* UnwindSegue.swift */; };
		620AB1742227F1BF002E7322 /* LoadingView.swift in Sources */ = {isa = PBXBuildFile; fileRef = 620AB1572227F1BF002E7322 /* LoadingView.swift */; };
		620AB1752227F1BF002E7322 /* Info.plist in Resources */ = {isa = PBXBuildFile; fileRef = 620AB1582227F1BF002E7322 /* Info.plist */; };
		620AB1762227F1BF002E7322 /* AsyncImageView.swift in Sources */ = {isa = PBXBuildFile; fileRef = 620AB1592227F1BF002E7322 /* AsyncImageView.swift */; };
		6248D41E21F0BAC20080B6E3 /* imagenCollectionViewCell.swift in Sources */ = {isa = PBXBuildFile; fileRef = 6248D41D21F0BAC20080B6E3 /* imagenCollectionViewCell.swift */; };
		627523F821EE1B720047C6A2 /* DisplayViewController.swift in Sources */ = {isa = PBXBuildFile; fileRef = 627523F721EE1B720047C6A2 /* DisplayViewController.swift */; };
/* End PBXBuildFile section */

/* Begin PBXFileReference section */
		6209D79E21EDFA02000D6546 /* zorrito_v2.app */ = {isa = PBXFileReference; explicitFileType = wrapper.application; includeInIndex = 0; path = zorrito_v2.app; sourceTree = BUILT_PRODUCTS_DIR; };
		6209D7A121EDFA02000D6546 /* AppDelegate.swift */ = {isa = PBXFileReference; lastKnownFileType = sourcecode.swift; path = AppDelegate.swift; sourceTree = "<group>"; };
		6209D7A321EDFA02000D6546 /* ViewController.swift */ = {isa = PBXFileReference; lastKnownFileType = sourcecode.swift; path = ViewController.swift; sourceTree = "<group>"; };
		6209D7A621EDFA02000D6546 /* Base */ = {isa = PBXFileReference; lastKnownFileType = file.storyboard; name = Base; path = Base.lproj/Main.storyboard; sourceTree = "<group>"; };
		6209D7A821EDFA02000D6546 /* Assets.xcassets */ = {isa = PBXFileReference; lastKnownFileType = folder.assetcatalog; path = Assets.xcassets; sourceTree = "<group>"; };
		6209D7AB21EDFA02000D6546 /* Base */ = {isa = PBXFileReference; lastKnownFileType = file.storyboard; name = Base; path = Base.lproj/LaunchScreen.storyboard; sourceTree = "<group>"; };
		6209D7AD21EDFA02000D6546 /* Info.plist */ = {isa = PBXFileReference; lastKnownFileType = text.plist.xml; path = Info.plist; sourceTree = "<group>"; };
		6209D7B321EE00F1000D6546 /* DataController.swift */ = {isa = PBXFileReference; fileEncoding = 4; lastKnownFileType = sourcecode.swift; path = DataController.swift; sourceTree = "<group>"; };
		620AB13C2227F1BF002E7322 /* DesignableImageView.swift */ = {isa = PBXFileReference; fileEncoding = 4; lastKnownFileType = sourcecode.swift; path = DesignableImageView.swift; sourceTree = "<group>"; };
		620AB13D2227F1BF002E7322 /* KeyboardLayoutConstraint.swift */ = {isa = PBXFileReference; fileEncoding = 4; lastKnownFileType = sourcecode.swift; path = KeyboardLayoutConstraint.swift; sourceTree = "<group>"; };
		620AB13E2227F1BF002E7322 /* TransitionManager.swift */ = {isa = PBXFileReference; fileEncoding = 4; lastKnownFileType = sourcecode.swift; path = TransitionManager.swift; sourceTree = "<group>"; };
		620AB13F2227F1BF002E7322 /* TransitionZoom.swift */ = {isa = PBXFileReference; fileEncoding = 4; lastKnownFileType = sourcecode.swift; path = TransitionZoom.swift; sourceTree = "<group>"; };
		620AB1402227F1BF002E7322 /* ImageLoader.swift */ = {isa = PBXFileReference; fileEncoding = 4; lastKnownFileType = sourcecode.swift; path = ImageLoader.swift; sourceTree = "<group>"; };
		620AB1412227F1BF002E7322 /* Spring.swift */ = {isa = PBXFileReference; fileEncoding = 4; lastKnownFileType = sourcecode.swift; path = Spring.swift; sourceTree = "<group>"; };
		620AB1422227F1BF002E7322 /* SpringImageView.swift */ = {isa = PBXFileReference; fileEncoding = 4; lastKnownFileType = sourcecode.swift; path = SpringImageView.swift; sourceTree = "<group>"; };
		620AB1432227F1BF002E7322 /* DesignableLabel.swift */ = {isa = PBXFileReference; fileEncoding = 4; lastKnownFileType = sourcecode.swift; path = DesignableLabel.swift; sourceTree = "<group>"; };
		620AB1442227F1BF002E7322 /* SoundPlayer.swift */ = {isa = PBXFileReference; fileEncoding = 4; lastKnownFileType = sourcecode.swift; path = SoundPlayer.swift; sourceTree = "<group>"; };
		620AB1452227F1BF002E7322 /* BlurView.swift */ = {isa = PBXFileReference; fileEncoding = 4; lastKnownFileType = sourcecode.swift; path = BlurView.swift; sourceTree = "<group>"; };
		620AB1462227F1BF002E7322 /* DesignableTextField.swift */ = {isa = PBXFileReference; fileEncoding = 4; lastKnownFileType = sourcecode.swift; path = DesignableTextField.swift; sourceTree = "<group>"; };
		620AB1472227F1BF002E7322 /* SpringButton.swift */ = {isa = PBXFileReference; fileEncoding = 4; lastKnownFileType = sourcecode.swift; path = SpringButton.swift; sourceTree = "<group>"; };
		620AB1482227F1BF002E7322 /* SpringTextView.swift */ = {isa = PBXFileReference; fileEncoding = 4; lastKnownFileType = sourcecode.swift; path = SpringTextView.swift; sourceTree = "<group>"; };
		620AB1492227F1BF002E7322 /* Misc.swift */ = {isa = PBXFileReference; fileEncoding = 4; lastKnownFileType = sourcecode.swift; path = Misc.swift; sourceTree = "<group>"; };
		620AB14A2227F1BF002E7322 /* SpringView.swift */ = {isa = PBXFileReference; fileEncoding = 4; lastKnownFileType = sourcecode.swift; path = SpringView.swift; sourceTree = "<group>"; };
		620AB14B2227F1BF002E7322 /* DesignableButton.swift */ = {isa = PBXFileReference; fileEncoding = 4; lastKnownFileType = sourcecode.swift; path = DesignableButton.swift; sourceTree = "<group>"; };
		620AB14C2227F1BF002E7322 /* SpringTextField.swift */ = {isa = PBXFileReference; fileEncoding = 4; lastKnownFileType = sourcecode.swift; path = SpringTextField.swift; sourceTree = "<group>"; };
		620AB14D2227F1BF002E7322 /* DesignableView.swift */ = {isa = PBXFileReference; fileEncoding = 4; lastKnownFileType = sourcecode.swift; path = DesignableView.swift; sourceTree = "<group>"; };
		620AB14E2227F1BF002E7322 /* DesignableTabBarController.swift */ = {isa = PBXFileReference; fileEncoding = 4; lastKnownFileType = sourcecode.swift; path = DesignableTabBarController.swift; sourceTree = "<group>"; };
		620AB14F2227F1BF002E7322 /* AsyncButton.swift */ = {isa = PBXFileReference; fileEncoding = 4; lastKnownFileType = sourcecode.swift; path = AsyncButton.swift; sourceTree = "<group>"; };
		620AB1502227F1BF002E7322 /* LoadingView.xib */ = {isa = PBXFileReference; fileEncoding = 4; lastKnownFileType = file.xib; path = LoadingView.xib; sourceTree = "<group>"; };
		620AB1512227F1BF002E7322 /* SpringLabel.swift */ = {isa = PBXFileReference; fileEncoding = 4; lastKnownFileType = sourcecode.swift; path = SpringLabel.swift; sourceTree = "<group>"; };
		620AB1522227F1BF002E7322 /* Spring.h */ = {isa = PBXFileReference; fileEncoding = 4; lastKnownFileType = sourcecode.c.h; path = Spring.h; sourceTree = "<group>"; };
		620AB1532227F1BF002E7322 /* DesignableTextView.swift */ = {isa = PBXFileReference; fileEncoding = 4; lastKnownFileType = sourcecode.swift; path = DesignableTextView.swift; sourceTree = "<group>"; };
		620AB1542227F1BF002E7322 /* AutoTextView.swift */ = {isa = PBXFileReference; fileEncoding = 4; lastKnownFileType = sourcecode.swift; path = AutoTextView.swift; sourceTree = "<group>"; };
		620AB1552227F1BF002E7322 /* SpringAnimation.swift */ = {isa = PBXFileReference; fileEncoding = 4; lastKnownFileType = sourcecode.swift; path = SpringAnimation.swift; sourceTree = "<group>"; };
		620AB1562227F1BF002E7322 /* UnwindSegue.swift */ = {isa = PBXFileReference; fileEncoding = 4; lastKnownFileType = sourcecode.swift; path = UnwindSegue.swift; sourceTree = "<group>"; };
		620AB1572227F1BF002E7322 /* LoadingView.swift */ = {isa = PBXFileReference; fileEncoding = 4; lastKnownFileType = sourcecode.swift; path = LoadingView.swift; sourceTree = "<group>"; };
		620AB1582227F1BF002E7322 /* Info.plist */ = {isa = PBXFileReference; fileEncoding = 4; lastKnownFileType = text.plist.xml; path = Info.plist; sourceTree = "<group>"; };
		620AB1592227F1BF002E7322 /* AsyncImageView.swift */ = {isa = PBXFileReference; fileEncoding = 4; lastKnownFileType = sourcecode.swift; path = AsyncImageView.swift; sourceTree = "<group>"; };
		6248D41D21F0BAC20080B6E3 /* imagenCollectionViewCell.swift */ = {isa = PBXFileReference; fileEncoding = 4; lastKnownFileType = sourcecode.swift; name = imagenCollectionViewCell.swift; path = ../imagenCollectionViewCell.swift; sourceTree = "<group>"; };
		627523F721EE1B720047C6A2 /* DisplayViewController.swift */ = {isa = PBXFileReference; fileEncoding = 4; lastKnownFileType = sourcecode.swift; path = DisplayViewController.swift; sourceTree = "<group>"; };
/* End PBXFileReference section */

/* Begin PBXFrameworksBuildPhase section */
		6209D79B21EDFA02000D6546 /* Frameworks */ = {
			isa = PBXFrameworksBuildPhase;
			buildActionMask = 2147483647;
			files = (
			);
			runOnlyForDeploymentPostprocessing = 0;
		};
/* End PBXFrameworksBuildPhase section */

/* Begin PBXGroup section */
		6209D79521EDFA02000D6546 = {
			isa = PBXGroup;
			children = (
				6209D7A021EDFA02000D6546 /* zorrito_v2 */,
				6209D79F21EDFA02000D6546 /* Products */,
			);
			sourceTree = "<group>";
		};
		6209D79F21EDFA02000D6546 /* Products */ = {
			isa = PBXGroup;
			children = (
				6209D79E21EDFA02000D6546 /* zorrito_v2.app */,
			);
			name = Products;
			sourceTree = "<group>";
		};
		6209D7A021EDFA02000D6546 /* zorrito_v2 */ = {
			isa = PBXGroup;
			children = (
				620AB13B2227F1BF002E7322 /* Spring */,
				6248D41D21F0BAC20080B6E3 /* imagenCollectionViewCell.swift */,
				6209D7A121EDFA02000D6546 /* AppDelegate.swift */,
				6209D7A321EDFA02000D6546 /* ViewController.swift */,
				627523F721EE1B720047C6A2 /* DisplayViewController.swift */,
				6209D7B321EE00F1000D6546 /* DataController.swift */,
				6209D7A521EDFA02000D6546 /* Main.storyboard */,
				6209D7A821EDFA02000D6546 /* Assets.xcassets */,
				6209D7AA21EDFA02000D6546 /* LaunchScreen.storyboard */,
				6209D7AD21EDFA02000D6546 /* Info.plist */,
			);
			path = zorrito_v2;
			sourceTree = "<group>";
		};
		620AB13B2227F1BF002E7322 /* Spring */ = {
			isa = PBXGroup;
			children = (
				620AB13C2227F1BF002E7322 /* DesignableImageView.swift */,
				620AB13D2227F1BF002E7322 /* KeyboardLayoutConstraint.swift */,
				620AB13E2227F1BF002E7322 /* TransitionManager.swift */,
				620AB13F2227F1BF002E7322 /* TransitionZoom.swift */,
				620AB1402227F1BF002E7322 /* ImageLoader.swift */,
				620AB1412227F1BF002E7322 /* Spring.swift */,
				620AB1422227F1BF002E7322 /* SpringImageView.swift */,
				620AB1432227F1BF002E7322 /* DesignableLabel.swift */,
				620AB1442227F1BF002E7322 /* SoundPlayer.swift */,
				620AB1452227F1BF002E7322 /* BlurView.swift */,
				620AB1462227F1BF002E7322 /* DesignableTextField.swift */,
				620AB1472227F1BF002E7322 /* SpringButton.swift */,
				620AB1482227F1BF002E7322 /* SpringTextView.swift */,
				620AB1492227F1BF002E7322 /* Misc.swift */,
				620AB14A2227F1BF002E7322 /* SpringView.swift */,
				620AB14B2227F1BF002E7322 /* DesignableButton.swift */,
				620AB14C2227F1BF002E7322 /* SpringTextField.swift */,
				620AB14D2227F1BF002E7322 /* DesignableView.swift */,
				620AB14E2227F1BF002E7322 /* DesignableTabBarController.swift */,
				620AB14F2227F1BF002E7322 /* AsyncButton.swift */,
				620AB1502227F1BF002E7322 /* LoadingView.xib */,
				620AB1512227F1BF002E7322 /* SpringLabel.swift */,
				620AB1522227F1BF002E7322 /* Spring.h */,
				620AB1532227F1BF002E7322 /* DesignableTextView.swift */,
				620AB1542227F1BF002E7322 /* AutoTextView.swift */,
				620AB1552227F1BF002E7322 /* SpringAnimation.swift */,
				620AB1562227F1BF002E7322 /* UnwindSegue.swift */,
				620AB1572227F1BF002E7322 /* LoadingView.swift */,
				620AB1582227F1BF002E7322 /* Info.plist */,
				620AB1592227F1BF002E7322 /* AsyncImageView.swift */,
			);
			name = Spring;
			path = ../Spring;
			sourceTree = "<group>";
		};
/* End PBXGroup section */

/* Begin PBXNativeTarget section */
		6209D79D21EDFA02000D6546 /* zorrito_v2 */ = {
			isa = PBXNativeTarget;
			buildConfigurationList = 6209D7B021EDFA02000D6546 /* Build configuration list for PBXNativeTarget "zorrito_v2" */;
			buildPhases = (
				6209D79A21EDFA02000D6546 /* Sources */,
				6209D79B21EDFA02000D6546 /* Frameworks */,
				6209D79C21EDFA02000D6546 /* Resources */,
			);
			buildRules = (
			);
			dependencies = (
			);
			name = zorrito_v2;
			productName = zorrito_v2;
			productReference = 6209D79E21EDFA02000D6546 /* zorrito_v2.app */;
			productType = "com.apple.product-type.application";
		};
/* End PBXNativeTarget section */

/* Begin PBXProject section */
		6209D79621EDFA02000D6546 /* Project object */ = {
			isa = PBXProject;
			attributes = {
				LastSwiftUpdateCheck = 0830;
				LastUpgradeCheck = 0830;
				ORGANIZATIONNAME = "Alvar Arias";
				TargetAttributes = {
					6209D79D21EDFA02000D6546 = {
						CreatedOnToolsVersion = 8.3.3;
						DevelopmentTeam = DDWAVNG7Q4;
						ProvisioningStyle = Automatic;
					};
				};
			};
			buildConfigurationList = 6209D79921EDFA02000D6546 /* Build configuration list for PBXProject "zorrito_v2" */;
			compatibilityVersion = "Xcode 3.2";
			developmentRegion = English;
			hasScannedForEncodings = 0;
			knownRegions = (
				en,
				Base,
			);
			mainGroup = 6209D79521EDFA02000D6546;
			productRefGroup = 6209D79F21EDFA02000D6546 /* Products */;
			projectDirPath = "";
			projectRoot = "";
			targets = (
				6209D79D21EDFA02000D6546 /* zorrito_v2 */,
			);
		};
/* End PBXProject section */

/* Begin PBXResourcesBuildPhase section */
		6209D79C21EDFA02000D6546 /* Resources */ = {
			isa = PBXResourcesBuildPhase;
			buildActionMask = 2147483647;
			files = (
				6209D7AC21EDFA02000D6546 /* LaunchScreen.storyboard in Resources */,
				620AB16E2227F1BF002E7322 /* LoadingView.xib in Resources */,
				6209D7A921EDFA02000D6546 /* Assets.xcassets in Resources */,
				620AB1752227F1BF002E7322 /* Info.plist in Resources */,
				6209D7A721EDFA02000D6546 /* Main.storyboard in Resources */,
			);
			runOnlyForDeploymentPostprocessing = 0;
		};
/* End PBXResourcesBuildPhase section */

/* Begin PBXSourcesBuildPhase section */
		6209D79A21EDFA02000D6546 /* Sources */ = {
			isa = PBXSourcesBuildPhase;
			buildActionMask = 2147483647;
			files = (
				620AB15D2227F1BF002E7322 /* TransitionZoom.swift in Sources */,
				620AB15C2227F1BF002E7322 /* TransitionManager.swift in Sources */,
				620AB1692227F1BF002E7322 /* DesignableButton.swift in Sources */,
				620AB1702227F1BF002E7322 /* DesignableTextView.swift in Sources */,
				620AB1632227F1BF002E7322 /* BlurView.swift in Sources */,
				620AB15E2227F1BF002E7322 /* ImageLoader.swift in Sources */,
				620AB1732227F1BF002E7322 /* UnwindSegue.swift in Sources */,
				6248D41E21F0BAC20080B6E3 /* imagenCollectionViewCell.swift in Sources */,
				620AB1682227F1BF002E7322 /* SpringView.swift in Sources */,
				620AB1612227F1BF002E7322 /* DesignableLabel.swift in Sources */,
				620AB16A2227F1BF002E7322 /* SpringTextField.swift in Sources */,
				620AB1762227F1BF002E7322 /* AsyncImageView.swift in Sources */,
				620AB1712227F1BF002E7322 /* AutoTextView.swift in Sources */,
				6209D7A421EDFA02000D6546 /* ViewController.swift in Sources */,
				620AB16C2227F1BF002E7322 /* DesignableTabBarController.swift in Sources */,
				620AB16D2227F1BF002E7322 /* AsyncButton.swift in Sources */,
				620AB1602227F1BF002E7322 /* SpringImageView.swift in Sources */,
				6209D7B421EE00F1000D6546 /* DataController.swift in Sources */,
				620AB1622227F1BF002E7322 /* SoundPlayer.swift in Sources */,
				620AB16F2227F1BF002E7322 /* SpringLabel.swift in Sources */,
				620AB1672227F1BF002E7322 /* Misc.swift in Sources */,
				620AB16B2227F1BF002E7322 /* DesignableView.swift in Sources */,
				620AB1722227F1BF002E7322 /* SpringAnimation.swift in Sources */,
				6209D7A221EDFA02000D6546 /* AppDelegate.swift in Sources */,
				620AB1642227F1BF002E7322 /* DesignableTextField.swift in Sources */,
				620AB1662227F1BF002E7322 /* SpringTextView.swift in Sources */,
				620AB15F2227F1BF002E7322 /* Spring.swift in Sources */,
				620AB1652227F1BF002E7322 /* SpringButton.swift in Sources */,
				620AB15B2227F1BF002E7322 /* KeyboardLayoutConstraint.swift in Sources */,
				620AB15A2227F1BF002E7322 /* DesignableImageView.swift in Sources */,
				620AB1742227F1BF002E7322 /* LoadingView.swift in Sources */,
				627523F821EE1B720047C6A2 /* DisplayViewController.swift in Sources */,
			);
			runOnlyForDeploymentPostprocessing = 0;
		};
/* End PBXSourcesBuildPhase section */

/* Begin PBXVariantGroup section */
		6209D7A521EDFA02000D6546 /* Main.storyboard */ = {
			isa = PBXVariantGroup;
			children = (
				6209D7A621EDFA02000D6546 /* Base */,
			);
			name = Main.storyboard;
			sourceTree = "<group>";
		};
		6209D7AA21EDFA02000D6546 /* LaunchScreen.storyboard */ = {
			isa = PBXVariantGroup;
			children = (
				6209D7AB21EDFA02000D6546 /* Base */,
			);
			name = LaunchScreen.storyboard;
			sourceTree = "<group>";
		};
/* End PBXVariantGroup section */

/* Begin XCBuildConfiguration section */
		6209D7AE21EDFA02000D6546 /* Debug */ = {
			isa = XCBuildConfiguration;
			buildSettings = {
				ALWAYS_SEARCH_USER_PATHS = NO;
				CLANG_ANALYZER_NONNULL = YES;
				CLANG_ANALYZER_NUMBER_OBJECT_CONVERSION = YES_AGGRESSIVE;
				CLANG_CXX_LANGUAGE_STANDARD = "gnu++0x";
				CLANG_CXX_LIBRARY = "libc++";
				CLANG_ENABLE_MODULES = YES;
				CLANG_ENABLE_OBJC_ARC = YES;
				CLANG_WARN_BOOL_CONVERSION = YES;
				CLANG_WARN_CONSTANT_CONVERSION = YES;
				CLANG_WARN_DIRECT_OBJC_ISA_USAGE = YES_ERROR;
				CLANG_WARN_DOCUMENTATION_COMMENTS = YES;
				CLANG_WARN_EMPTY_BODY = YES;
				CLANG_WARN_ENUM_CONVERSION = YES;
				CLANG_WARN_INFINITE_RECURSION = YES;
				CLANG_WARN_INT_CONVERSION = YES;
				CLANG_WARN_OBJC_ROOT_CLASS = YES_ERROR;
				CLANG_WARN_SUSPICIOUS_MOVE = YES;
				CLANG_WARN_UNREACHABLE_CODE = YES;
				CLANG_WARN__DUPLICATE_METHOD_MATCH = YES;
				"CODE_SIGN_IDENTITY[sdk=iphoneos*]" = "iPhone Developer";
				COPY_PHASE_STRIP = NO;
				DEBUG_INFORMATION_FORMAT = dwarf;
				ENABLE_STRICT_OBJC_MSGSEND = YES;
				ENABLE_TESTABILITY = YES;
				GCC_C_LANGUAGE_STANDARD = gnu99;
				GCC_DYNAMIC_NO_PIC = NO;
				GCC_NO_COMMON_BLOCKS = YES;
				GCC_OPTIMIZATION_LEVEL = 0;
				GCC_PREPROCESSOR_DEFINITIONS = (
					"DEBUG=1",
					"$(inherited)",
				);
				GCC_WARN_64_TO_32_BIT_CONVERSION = YES;
				GCC_WARN_ABOUT_RETURN_TYPE = YES_ERROR;
				GCC_WARN_UNDECLARED_SELECTOR = YES;
				GCC_WARN_UNINITIALIZED_AUTOS = YES_AGGRESSIVE;
				GCC_WARN_UNUSED_FUNCTION = YES;
				GCC_WARN_UNUSED_VARIABLE = YES;
				IPHONEOS_DEPLOYMENT_TARGET = 10.3;
				MTL_ENABLE_DEBUG_INFO = YES;
				ONLY_ACTIVE_ARCH = YES;
				SDKROOT = iphoneos;
				SWIFT_ACTIVE_COMPILATION_CONDITIONS = DEBUG;
				SWIFT_OPTIMIZATION_LEVEL = "-Onone";
				TARGETED_DEVICE_FAMILY = "1,2";
			};
			name = Debug;
		};
		6209D7AF21EDFA02000D6546 /* Release */ = {
			isa = XCBuildConfiguration;
			buildSettings = {
				ALWAYS_SEARCH_USER_PATHS = NO;
				CLANG_ANALYZER_NONNULL = YES;
				CLANG_ANALYZER_NUMBER_OBJECT_CONVERSION = YES_AGGRESSIVE;
				CLANG_CXX_LANGUAGE_STANDARD = "gnu++0x";
				CLANG_CXX_LIBRARY = "libc++";
				CLANG_ENABLE_MODULES = YES;
				CLANG_ENABLE_OBJC_ARC = YES;
				CLANG_WARN_BOOL_CONVERSION = YES;
				CLANG_WARN_CONSTANT_CONVERSION = YES;
				CLANG_WARN_DIRECT_OBJC_ISA_USAGE = YES_ERROR;
				CLANG_WARN_DOCUMENTATION_COMMENTS = YES;
				CLANG_WARN_EMPTY_BODY = YES;
				CLANG_WARN_ENUM_CONVERSION = YES;
				CLANG_WARN_INFINITE_RECURSION = YES;
				CLANG_WARN_INT_CONVERSION = YES;
				CLANG_WARN_OBJC_ROOT_CLASS = YES_ERROR;
				CLANG_WARN_SUSPICIOUS_MOVE = YES;
				CLANG_WARN_UNREACHABLE_CODE = YES;
				CLANG_WARN__DUPLICATE_METHOD_MATCH = YES;
				"CODE_SIGN_IDENTITY[sdk=iphoneos*]" = "iPhone Developer";
				COPY_PHASE_STRIP = NO;
				DEBUG_INFORMATION_FORMAT = "dwarf-with-dsym";
				ENABLE_NS_ASSERTIONS = NO;
				ENABLE_STRICT_OBJC_MSGSEND = YES;
				GCC_C_LANGUAGE_STANDARD = gnu99;
				GCC_NO_COMMON_BLOCKS = YES;
				GCC_WARN_64_TO_32_BIT_CONVERSION = YES;
				GCC_WARN_ABOUT_RETURN_TYPE = YES_ERROR;
				GCC_WARN_UNDECLARED_SELECTOR = YES;
				GCC_WARN_UNINITIALIZED_AUTOS = YES_AGGRESSIVE;
				GCC_WARN_UNUSED_FUNCTION = YES;
				GCC_WARN_UNUSED_VARIABLE = YES;
				IPHONEOS_DEPLOYMENT_TARGET = 10.3;
				MTL_ENABLE_DEBUG_INFO = NO;
				SDKROOT = iphoneos;
				SWIFT_OPTIMIZATION_LEVEL = "-Owholemodule";
				TARGETED_DEVICE_FAMILY = "1,2";
				VALIDATE_PRODUCT = YES;
			};
			name = Release;
		};
		6209D7B121EDFA02000D6546 /* Debug */ = {
			isa = XCBuildConfiguration;
			buildSettings = {
				ASSETCATALOG_COMPILER_APPICON_NAME = AppIcon;
				DEVELOPMENT_TEAM = DDWAVNG7Q4;
				INFOPLIST_FILE = zorrito_v2/Info.plist;
				IPHONEOS_DEPLOYMENT_TARGET = 10.3;
				LD_RUNPATH_SEARCH_PATHS = "$(inherited) @executable_path/Frameworks";
				PRODUCT_BUNDLE_IDENTIFIER = "com.audiomapp.zorrito-v2";
				PRODUCT_NAME = "$(TARGET_NAME)";
				SWIFT_VERSION = 3.0;
			};
			name = Debug;
		};
		6209D7B221EDFA02000D6546 /* Release */ = {
			isa = XCBuildConfiguration;
			buildSettings = {
				ASSETCATALOG_COMPILER_APPICON_NAME = AppIcon;
				DEVELOPMENT_TEAM = DDWAVNG7Q4;
				INFOPLIST_FILE = zorrito_v2/Info.plist;
				IPHONEOS_DEPLOYMENT_TARGET = 10.3;
				LD_RUNPATH_SEARCH_PATHS = "$(inherited) @executable_path/Frameworks";
				PRODUCT_BUNDLE_IDENTIFIER = "com.audiomapp.zorrito-v2";
				PRODUCT_NAME = "$(TARGET_NAME)";
				SWIFT_VERSION = 3.0;
			};
			name = Release;
		};
/* End XCBuildConfiguration section */

/* Begin XCConfigurationList section */
		6209D79921EDFA02000D6546 /* Build configuration list for PBXProject "zorrito_v2" */ = {
			isa = XCConfigurationList;
			buildConfigurations = (
				6209D7AE21EDFA02000D6546 /* Debug */,
				6209D7AF21EDFA02000D6546 /* Release */,
			);
			defaultConfigurationIsVisible = 0;
			defaultConfigurationName = Release;
		};
		6209D7B021EDFA02000D6546 /* Build configuration list for PBXNativeTarget "zorrito_v2" */ = {
			isa = XCConfigurationList;
			buildConfigurations = (
				6209D7B121EDFA02000D6546 /* Debug */,
				6209D7B221EDFA02000D6546 /* Release */,
			);
			defaultConfigurationIsVisible = 0;
			defaultConfigurationName = Release;
		};
/* End XCConfigurationList section */
	};
	rootObject = 6209D79621EDFA02000D6546 /* Project object */;
}
